
Microsoft Visual Studio Solution File, Format Version 12.00
# Visual Studio Version 17
VisualStudioVersion = 17.14.36915.13 d17.14
MinimumVisualStudioVersion = 10.0.40219.1
Project("{FAE04EC0-301F-11D3-BF4B-00C04F79EFBC}") = "WordCards", "WordCards\WordCards.csproj", "{9E2C2D5A-7C6D-44E2-9505-633584327ADE}"
EndProject
Global
	GlobalSection(SolutionConfigurationPlatforms) = preSolution
		Debug|Any CPU = Debug|Any CPU
		Release|Any CPU = Release|Any CPU
	EndGlobalSection
	GlobalSection(ProjectConfigurationPlatforms) = postSolution
		{9E2C2D5A-7C6D-44E2-9505-633584327ADE}.Debug|Any CPU.ActiveCfg = Debug|Any CPU
		{9E2C2D5A-7C6D-44E2-9505-633584327ADE}.Debug|Any CPU.Build.0 = Debug|Any CPU
		{9E2C2D5A-7C6D-44E2-9505-633584327ADE}.Release|Any CPU.ActiveCfg = Release|Any CPU
		{9E2C2D5A-7C6D-44E2-9505-633584327ADE}.Release|Any CPU.Build.0 = Release|Any CPU
	EndGlobalSection
	GlobalSection(SolutionProperties) = preSolution
		HideSolutionNode = FALSE
	EndGlobalSection
	GlobalSection(ExtensibilityGlobals) = postSolution
		SolutionGuid = {E97954CA-B651-4D69-A117-BD63DE6FBB99}
	EndGlobalSection
EndGlobal
